
Microsoft Visual Studio Solution File, Format Version 12.00
# Visual Studio Express 2012 for Windows Desktop
Project("{FAE04EC0-301F-11D3-BF4B-00C04F79EFBC}") = "wd_in_work_gdi", "wd_in_work_gdi.csproj", "{EFE920BD-FCDC-4C2B-AA1F-35937476362F}"
	ProjectSection(ProjectDependencies) = postProject
		{34281226-04DC-4EFD-B765-4AE4ACEC101D} = {34281226-04DC-4EFD-B765-4AE4ACEC101D}
		{8AD4B7D2-53E3-4643-A802-6712FA6E74EE} = {8AD4B7D2-53E3-4643-A802-6712FA6E74EE}
	EndProjectSection
EndProject
Project("{FAE04EC0-301F-11D3-BF4B-00C04F79EFBC}") = "josi", "..\..\..\dnclive\josi_sharp\josi\josi.csproj", "{8AD4B7D2-53E3-4643-A802-6712FA6E74EE}"
	ProjectSection(ProjectDependencies) = postProject
		{34281226-04DC-4EFD-B765-4AE4ACEC101D} = {34281226-04DC-4EFD-B765-4AE4ACEC101D}
	EndProjectSection
EndProject
Project("{FAE04EC0-301F-11D3-BF4B-00C04F79EFBC}") = "kibicom.tlib", "..\..\..\dnclive\tlib_sharp\tlib\kibicom.tlib.csproj", "{34281226-04DC-4EFD-B765-4AE4ACEC101D}"
EndProject
Project("{FAE04EC0-301F-11D3-BF4B-00C04F79EFBC}") = "tlib_deb", "..\..\..\dnclive\tlib_sharp\tlib_deb\tlib_deb.csproj", "{EFDF6FD7-26E6-4D5B-9FC2-AD9D657BD0EC}"
EndProject
Project("{FAE04EC0-301F-11D3-BF4B-00C04F79EFBC}") = "kibicom_wd_console_deb", "..\..\..\dnclive\kibicom_wd\kibicom_wd_console_deb\kibicom_wd_console_deb.csproj", "{CCDB8CE9-15E8-4227-B3D3-BE1B9DF7F729}"
EndProject
Project("{FAE04EC0-301F-11D3-BF4B-00C04F79EFBC}") = "kvl", "..\..\..\kibicom\kvl_sharp\kvl\kvl.csproj", "{508CBCE9-4FDE-4E12-A542-E104CE06BE85}"
EndProject
Project("{FAE04EC0-301F-11D3-BF4B-00C04F79EFBC}") = "my_helper", "..\my_helper\my_helper.csproj", "{DA2700E6-B433-4D6D-BB1A-89BF09D4B733}"
EndProject
Project("{FAE04EC0-301F-11D3-BF4B-00C04F79EFBC}") = "card_reader", "..\..\..\dnclive\windraw\proj\josi_customer\objdist\card_reader.csproj", "{7D8C9B68-86B3-482A-B542-13A8F052FC1B}"
EndProject
Global
	GlobalSection(SolutionConfigurationPlatforms) = preSolution
		Debug|Any CPU = Debug|Any CPU
		Release|Any CPU = Release|Any CPU
	EndGlobalSection
	GlobalSection(ProjectConfigurationPlatforms) = postSolution
		{EFE920BD-FCDC-4C2B-AA1F-35937476362F}.Debug|Any CPU.ActiveCfg = Debug|Any CPU
		{EFE920BD-FCDC-4C2B-AA1F-35937476362F}.Debug|Any CPU.Build.0 = Debug|Any CPU
		{EFE920BD-FCDC-4C2B-AA1F-35937476362F}.Release|Any CPU.ActiveCfg = Release|Any CPU
		{EFE920BD-FCDC-4C2B-AA1F-35937476362F}.Release|Any CPU.Build.0 = Release|Any CPU
		{8AD4B7D2-53E3-4643-A802-6712FA6E74EE}.Debug|Any CPU.ActiveCfg = Debug|Any CPU
		{8AD4B7D2-53E3-4643-A802-6712FA6E74EE}.Debug|Any CPU.Build.0 = Debug|Any CPU
		{8AD4B7D2-53E3-4643-A802-6712FA6E74EE}.Release|Any CPU.ActiveCfg = Release|Any CPU
		{8AD4B7D2-53E3-4643-A802-6712FA6E74EE}.Release|Any CPU.Build.0 = Release|Any CPU
		{34281226-04DC-4EFD-B765-4AE4ACEC101D}.Debug|Any CPU.ActiveCfg = Debug|Any CPU
		{34281226-04DC-4EFD-B765-4AE4ACEC101D}.Debug|Any CPU.Build.0 = Debug|Any CPU
		{34281226-04DC-4EFD-B765-4AE4ACEC101D}.Release|Any CPU.ActiveCfg = Release|Any CPU
		{34281226-04DC-4EFD-B765-4AE4ACEC101D}.Release|Any CPU.Build.0 = Release|Any CPU
		{EFDF6FD7-26E6-4D5B-9FC2-AD9D657BD0EC}.Debug|Any CPU.ActiveCfg = Debug|Any CPU
		{EFDF6FD7-26E6-4D5B-9FC2-AD9D657BD0EC}.Debug|Any CPU.Build.0 = Debug|Any CPU
		{EFDF6FD7-26E6-4D5B-9FC2-AD9D657BD0EC}.Release|Any CPU.ActiveCfg = Release|Any CPU
		{EFDF6FD7-26E6-4D5B-9FC2-AD9D657BD0EC}.Release|Any CPU.Build.0 = Release|Any CPU
		{CCDB8CE9-15E8-4227-B3D3-BE1B9DF7F729}.Debug|Any CPU.ActiveCfg = Debug|Any CPU
		{CCDB8CE9-15E8-4227-B3D3-BE1B9DF7F729}.Debug|Any CPU.Build.0 = Debug|Any CPU
		{CCDB8CE9-15E8-4227-B3D3-BE1B9DF7F729}.Release|Any CPU.ActiveCfg = Release|Any CPU
		{CCDB8CE9-15E8-4227-B3D3-BE1B9DF7F729}.Release|Any CPU.Build.0 = Release|Any CPU
		{508CBCE9-4FDE-4E12-A542-E104CE06BE85}.Debug|Any CPU.ActiveCfg = Debug|Any CPU
		{508CBCE9-4FDE-4E12-A542-E104CE06BE85}.Debug|Any CPU.Build.0 = Debug|Any CPU
		{508CBCE9-4FDE-4E12-A542-E104CE06BE85}.Release|Any CPU.ActiveCfg = Release|Any CPU
		{508CBCE9-4FDE-4E12-A542-E104CE06BE85}.Release|Any CPU.Build.0 = Release|Any CPU
		{DA2700E6-B433-4D6D-BB1A-89BF09D4B733}.Debug|Any CPU.ActiveCfg = Debug|Any CPU
		{DA2700E6-B433-4D6D-BB1A-89BF09D4B733}.Debug|Any CPU.Build.0 = Debug|Any CPU
		{DA2700E6-B433-4D6D-BB1A-89BF09D4B733}.Release|Any CPU.ActiveCfg = Release|Any CPU
		{DA2700E6-B433-4D6D-BB1A-89BF09D4B733}.Release|Any CPU.Build.0 = Release|Any CPU
		{7D8C9B68-86B3-482A-B542-13A8F052FC1B}.Debug|Any CPU.ActiveCfg = Debug|Any CPU
		{7D8C9B68-86B3-482A-B542-13A8F052FC1B}.Debug|Any CPU.Build.0 = Debug|Any CPU
		{7D8C9B68-86B3-482A-B542-13A8F052FC1B}.Release|Any CPU.ActiveCfg = Release|Any CPU
		{7D8C9B68-86B3-482A-B542-13A8F052FC1B}.Release|Any CPU.Build.0 = Release|Any CPU
	EndGlobalSection
	GlobalSection(SolutionProperties) = preSolution
		HideSolutionNode = FALSE
	EndGlobalSection
EndGlobal
