
Microsoft Visual Studio Solution File, Format Version 12.00
# Visual Studio Express 2012 for Windows Desktop
Project("{FAE04EC0-301F-11D3-BF4B-00C04F79EFBC}") = "wd_in_work_gdi", "wd_in_work_gdi.csproj", "{EFE920BD-FCDC-4C2B-AA1F-35937476362F}"
EndProject
Global
	GlobalSection(SolutionConfigurationPlatforms) = preSolution
		Debug|Any CPU = Debug|Any CPU
		Release|Any CPU = Release|Any CPU
	EndGlobalSection
	GlobalSection(ProjectConfigurationPlatforms) = postSolution
		{EFE920BD-FCDC-4C2B-AA1F-35937476362F}.Debug|Any CPU.ActiveCfg = Debug|Any CPU
		{EFE920BD-FCDC-4C2B-AA1F-35937476362F}.Debug|Any CPU.Build.0 = Debug|Any CPU
		{EFE920BD-FCDC-4C2B-AA1F-35937476362F}.Release|Any CPU.ActiveCfg = Release|Any CPU
		{EFE920BD-FCDC-4C2B-AA1F-35937476362F}.Release|Any CPU.Build.0 = Release|Any CPU
	EndGlobalSection
	GlobalSection(SolutionProperties) = preSolution
		HideSolutionNode = FALSE
	EndGlobalSection
EndGlobal
